// !$*UTF8*$!
{
	archiveVersion = 1;
	classes = {
	};
	objectVersion = 50;
	objects = {

/* Begin PBXBuildFile section */
		7DA9472021BEA0530034067A /* main.m in Sources */ = {isa = PBXBuildFile; fileRef = 7DA9471A21BEA0530034067A /* main.m */; };
		7DA9472121BEA0530034067A /* AppDelegate.m in Sources */ = {isa = PBXBuildFile; fileRef = 7DA9471B21BEA0530034067A /* AppDelegate.m */; };
		7DC855A721BF5C58005C83B1 /* Assets.xcassets in Resources */ = {isa = PBXBuildFile; fileRef = 7DC855A621BF5C58005C83B1 /* Assets.xcassets */; };
		7DECC5C321C14D9800013D0A /* TransparentNavController.m in Sources */ = {isa = PBXBuildFile; fileRef = 7DECC5C221C14D9800013D0A /* TransparentNavController.m */; };
		7DECC5C721C14F5100013D0A /* UIImage+Extension.m in Sources */ = {isa = PBXBuildFile; fileRef = 7DECC5C621C14F5100013D0A /* UIImage+Extension.m */; };
		7DECC5CD21C1525400013D0A /* UIBarButtonItem+Extension.m in Sources */ = {isa = PBXBuildFile; fileRef = 7DECC5CC21C1525400013D0A /* UIBarButtonItem+Extension.m */; };
		7DF860E721BFE63C00F1F47C /* RootTabBarController.m in Sources */ = {isa = PBXBuildFile; fileRef = 7DF860E621BFE63C00F1F47C /* RootTabBarController.m */; };
		7DF860EE21BFF40000F1F47C /* HomeViewController.m in Sources */ = {isa = PBXBuildFile; fileRef = 7DF860ED21BFF40000F1F47C /* HomeViewController.m */; };
		7DF860F121BFF42100F1F47C /* PoiViewController.m in Sources */ = {isa = PBXBuildFile; fileRef = 7DF860F021BFF42100F1F47C /* PoiViewController.m */; };
		7DF860F421BFF43100F1F47C /* GuidViewController.m in Sources */ = {isa = PBXBuildFile; fileRef = 7DF860F321BFF43100F1F47C /* GuidViewController.m */; };
		7DF860F821BFF6F600F1F47C /* RootNavigationController.m in Sources */ = {isa = PBXBuildFile; fileRef = 7DF860F721BFF6F600F1F47C /* RootNavigationController.m */; };
/* End PBXBuildFile section */

/* Begin PBXFileReference section */
		7DA9471821BEA0530034067A /* AppDelegate.h */ = {isa = PBXFileReference; fileEncoding = 4; lastKnownFileType = sourcecode.c.h; path = AppDelegate.h; sourceTree = "<group>"; };
		7DA9471A21BEA0530034067A /* main.m */ = {isa = PBXFileReference; fileEncoding = 4; lastKnownFileType = sourcecode.c.objc; path = main.m; sourceTree = "<group>"; };
		7DA9471B21BEA0530034067A /* AppDelegate.m */ = {isa = PBXFileReference; fileEncoding = 4; lastKnownFileType = sourcecode.c.objc; path = AppDelegate.m; sourceTree = "<group>"; };
		7DC855A621BF5C58005C83B1 /* Assets.xcassets */ = {isa = PBXFileReference; lastKnownFileType = folder.assetcatalog; path = Assets.xcassets; sourceTree = "<group>"; };
		7DECC5C121C14D9800013D0A /* TransparentNavController.h */ = {isa = PBXFileReference; lastKnownFileType = sourcecode.c.h; path = TransparentNavController.h; sourceTree = "<group>"; };
		7DECC5C221C14D9800013D0A /* TransparentNavController.m */ = {isa = PBXFileReference; lastKnownFileType = sourcecode.c.objc; path = TransparentNavController.m; sourceTree = "<group>"; };
		7DECC5C521C14F5100013D0A /* UIImage+Extension.h */ = {isa = PBXFileReference; lastKnownFileType = sourcecode.c.h; path = "UIImage+Extension.h"; sourceTree = "<group>"; };
		7DECC5C621C14F5100013D0A /* UIImage+Extension.m */ = {isa = PBXFileReference; lastKnownFileType = sourcecode.c.objc; path = "UIImage+Extension.m"; sourceTree = "<group>"; };
		7DECC5CA21C151A400013D0A /* Size.h */ = {isa = PBXFileReference; lastKnownFileType = sourcecode.c.h; path = Size.h; sourceTree = "<group>"; };
		7DECC5CB21C1525400013D0A /* UIBarButtonItem+Extension.h */ = {isa = PBXFileReference; lastKnownFileType = sourcecode.c.h; path = "UIBarButtonItem+Extension.h"; sourceTree = "<group>"; };
		7DECC5CC21C1525400013D0A /* UIBarButtonItem+Extension.m */ = {isa = PBXFileReference; lastKnownFileType = sourcecode.c.objc; path = "UIBarButtonItem+Extension.m"; sourceTree = "<group>"; };
		7DF860E521BFE63C00F1F47C /* RootTabBarController.h */ = {isa = PBXFileReference; lastKnownFileType = sourcecode.c.h; path = RootTabBarController.h; sourceTree = "<group>"; };
		7DF860E621BFE63C00F1F47C /* RootTabBarController.m */ = {isa = PBXFileReference; lastKnownFileType = sourcecode.c.objc; path = RootTabBarController.m; sourceTree = "<group>"; };
		7DF860E921BFE87400F1F47C /* Common.h */ = {isa = PBXFileReference; lastKnownFileType = sourcecode.c.h; path = Common.h; sourceTree = "<group>"; };
		7DF860EA21BFEAA000F1F47C /* Color.h */ = {isa = PBXFileReference; lastKnownFileType = sourcecode.c.h; path = Color.h; sourceTree = "<group>"; };
		7DF860EC21BFF40000F1F47C /* HomeViewController.h */ = {isa = PBXFileReference; lastKnownFileType = sourcecode.c.h; path = HomeViewController.h; sourceTree = "<group>"; };
		7DF860ED21BFF40000F1F47C /* HomeViewController.m */ = {isa = PBXFileReference; lastKnownFileType = sourcecode.c.objc; path = HomeViewController.m; sourceTree = "<group>"; };
		7DF860EF21BFF42100F1F47C /* PoiViewController.h */ = {isa = PBXFileReference; lastKnownFileType = sourcecode.c.h; path = PoiViewController.h; sourceTree = "<group>"; };
		7DF860F021BFF42100F1F47C /* PoiViewController.m */ = {isa = PBXFileReference; lastKnownFileType = sourcecode.c.objc; path = PoiViewController.m; sourceTree = "<group>"; };
		7DF860F221BFF43100F1F47C /* GuidViewController.h */ = {isa = PBXFileReference; lastKnownFileType = sourcecode.c.h; path = GuidViewController.h; sourceTree = "<group>"; };
		7DF860F321BFF43100F1F47C /* GuidViewController.m */ = {isa = PBXFileReference; lastKnownFileType = sourcecode.c.objc; path = GuidViewController.m; sourceTree = "<group>"; };
		7DF860F621BFF6F600F1F47C /* RootNavigationController.h */ = {isa = PBXFileReference; lastKnownFileType = sourcecode.c.h; path = RootNavigationController.h; sourceTree = "<group>"; };
		7DF860F721BFF6F600F1F47C /* RootNavigationController.m */ = {isa = PBXFileReference; lastKnownFileType = sourcecode.c.objc; path = RootNavigationController.m; sourceTree = "<group>"; };
		7DF905A621B96CD50070BA44 /* tuguan.app */ = {isa = PBXFileReference; explicitFileType = wrapper.application; includeInIndex = 0; path = tuguan.app; sourceTree = BUILT_PRODUCTS_DIR; };
		7DF905B721B96CD60070BA44 /* Info.plist */ = {isa = PBXFileReference; lastKnownFileType = text.plist.xml; path = Info.plist; sourceTree = "<group>"; };
/* End PBXFileReference section */

/* Begin PBXFrameworksBuildPhase section */
		7DF905A321B96CD50070BA44 /* Frameworks */ = {
			isa = PBXFrameworksBuildPhase;
			buildActionMask = 2147483647;
			files = (
			);
			runOnlyForDeploymentPostprocessing = 0;
		};
/* End PBXFrameworksBuildPhase section */

/* Begin PBXGroup section */
		7DA9471421BE9FC10034067A /* Resources */ = {
			isa = PBXGroup;
			children = (
				7DF905B721B96CD60070BA44 /* Info.plist */,
				7DC855A621BF5C58005C83B1 /* Assets.xcassets */,
			);
			path = Resources;
			sourceTree = "<group>";
		};
		7DA9471521BEA0530034067A /* Classes */ = {
			isa = PBXGroup;
			children = (
				7DF860F521BFF65200F1F47C /* Widgets */,
				7DF860E821BFE84A00F1F47C /* Common */,
				7DA9471621BEA0530034067A /* Models */,
				7DA9471721BEA0530034067A /* Main */,
				7DA9471D21BEA0530034067A /* Controllers */,
				7DA9471E21BEA0530034067A /* Views */,
			);
			path = Classes;
			sourceTree = "<group>";
		};
		7DA9471621BEA0530034067A /* Models */ = {
			isa = PBXGroup;
			children = (
			);
			path = Models;
			sourceTree = "<group>";
		};
		7DA9471721BEA0530034067A /* Main */ = {
			isa = PBXGroup;
			children = (
				7DA9471821BEA0530034067A /* AppDelegate.h */,
				7DA9471A21BEA0530034067A /* main.m */,
				7DA9471B21BEA0530034067A /* AppDelegate.m */,
				7DF860E521BFE63C00F1F47C /* RootTabBarController.h */,
				7DF860E621BFE63C00F1F47C /* RootTabBarController.m */,
				7DF860F621BFF6F600F1F47C /* RootNavigationController.h */,
				7DF860F721BFF6F600F1F47C /* RootNavigationController.m */,
			);
			path = Main;
			sourceTree = "<group>";
		};
		7DA9471D21BEA0530034067A /* Controllers */ = {
			isa = PBXGroup;
			children = (
				7DF860EC21BFF40000F1F47C /* HomeViewController.h */,
				7DF860ED21BFF40000F1F47C /* HomeViewController.m */,
				7DF860EF21BFF42100F1F47C /* PoiViewController.h */,
				7DF860F021BFF42100F1F47C /* PoiViewController.m */,
				7DF860F221BFF43100F1F47C /* GuidViewController.h */,
				7DF860F321BFF43100F1F47C /* GuidViewController.m */,
			);
			path = Controllers;
			sourceTree = "<group>";
		};
		7DA9471E21BEA0530034067A /* Views */ = {
			isa = PBXGroup;
			children = (
			);
			path = Views;
			sourceTree = "<group>";
		};
		7DECC5C021C14D4800013D0A /* TransparentNavController */ = {
			isa = PBXGroup;
			children = (
				7DECC5C121C14D9800013D0A /* TransparentNavController.h */,
				7DECC5C221C14D9800013D0A /* TransparentNavController.m */,
			);
			path = TransparentNavController;
			sourceTree = "<group>";
		};
		7DECC5C421C14E8400013D0A /* Category */ = {
			isa = PBXGroup;
			children = (
				7DECC5C521C14F5100013D0A /* UIImage+Extension.h */,
				7DECC5C621C14F5100013D0A /* UIImage+Extension.m */,
				7DECC5CB21C1525400013D0A /* UIBarButtonItem+Extension.h */,
				7DECC5CC21C1525400013D0A /* UIBarButtonItem+Extension.m */,
			);
			path = Category;
			sourceTree = "<group>";
		};
		7DECC5C921C1518700013D0A /* Headers */ = {
			isa = PBXGroup;
			children = (
				7DF860EA21BFEAA000F1F47C /* Color.h */,
				7DF860E921BFE87400F1F47C /* Common.h */,
				7DECC5CA21C151A400013D0A /* Size.h */,
			);
			path = Headers;
			sourceTree = "<group>";
		};
		7DF860E821BFE84A00F1F47C /* Common */ = {
			isa = PBXGroup;
			children = (
				7DECC5C921C1518700013D0A /* Headers */,
				7DECC5C421C14E8400013D0A /* Category */,
			);
			path = Common;
			sourceTree = "<group>";
		};
		7DF860F521BFF65200F1F47C /* Widgets */ = {
			isa = PBXGroup;
			children = (
				7DECC5C021C14D4800013D0A /* TransparentNavController */,
			);
			path = Widgets;
			sourceTree = "<group>";
		};
		7DF9059D21B96CD50070BA44 = {
			isa = PBXGroup;
			children = (
				7DF905A821B96CD50070BA44 /* tuguan */,
				7DF905A721B96CD50070BA44 /* Products */,
			);
			sourceTree = "<group>";
		};
		7DF905A721B96CD50070BA44 /* Products */ = {
			isa = PBXGroup;
			children = (
				7DF905A621B96CD50070BA44 /* tuguan.app */,
			);
			name = Products;
			sourceTree = "<group>";
		};
		7DF905A821B96CD50070BA44 /* tuguan */ = {
			isa = PBXGroup;
			children = (
				7DA9471521BEA0530034067A /* Classes */,
				7DA9471421BE9FC10034067A /* Resources */,
			);
			path = tuguan;
			sourceTree = "<group>";
		};
/* End PBXGroup section */

/* Begin PBXNativeTarget section */
		7DF905A521B96CD50070BA44 /* tuguan */ = {
			isa = PBXNativeTarget;
			buildConfigurationList = 7DF905BC21B96CD60070BA44 /* Build configuration list for PBXNativeTarget "tuguan" */;
			buildPhases = (
				7DF905A221B96CD50070BA44 /* Sources */,
				7DF905A321B96CD50070BA44 /* Frameworks */,
				7DF905A421B96CD50070BA44 /* Resources */,
			);
			buildRules = (
			);
			dependencies = (
			);
			name = tuguan;
			productName = tuguan;
			productReference = 7DF905A621B96CD50070BA44 /* tuguan.app */;
			productType = "com.apple.product-type.application";
		};
/* End PBXNativeTarget section */

/* Begin PBXProject section */
		7DF9059E21B96CD50070BA44 /* Project object */ = {
			isa = PBXProject;
			attributes = {
				LastUpgradeCheck = 1010;
				ORGANIZATIONNAME = fanstudio;
				TargetAttributes = {
					7DF905A521B96CD50070BA44 = {
						CreatedOnToolsVersion = 10.1;
					};
				};
			};
			buildConfigurationList = 7DF905A121B96CD50070BA44 /* Build configuration list for PBXProject "tuguan" */;
			compatibilityVersion = "Xcode 9.3";
			developmentRegion = en;
			hasScannedForEncodings = 0;
			knownRegions = (
				en,
				Base,
			);
			mainGroup = 7DF9059D21B96CD50070BA44;
			productRefGroup = 7DF905A721B96CD50070BA44 /* Products */;
			projectDirPath = "";
			projectRoot = "";
			targets = (
				7DF905A521B96CD50070BA44 /* tuguan */,
			);
		};
/* End PBXProject section */

/* Begin PBXResourcesBuildPhase section */
		7DF905A421B96CD50070BA44 /* Resources */ = {
			isa = PBXResourcesBuildPhase;
			buildActionMask = 2147483647;
			files = (
				7DC855A721BF5C58005C83B1 /* Assets.xcassets in Resources */,
			);
			runOnlyForDeploymentPostprocessing = 0;
		};
/* End PBXResourcesBuildPhase section */

/* Begin PBXSourcesBuildPhase section */
		7DF905A221B96CD50070BA44 /* Sources */ = {
			isa = PBXSourcesBuildPhase;
			buildActionMask = 2147483647;
			files = (
				7DECC5C321C14D9800013D0A /* TransparentNavController.m in Sources */,
				7DA9472021BEA0530034067A /* main.m in Sources */,
				7DF860F121BFF42100F1F47C /* PoiViewController.m in Sources */,
				7DF860F821BFF6F600F1F47C /* RootNavigationController.m in Sources */,
				7DECC5CD21C1525400013D0A /* UIBarButtonItem+Extension.m in Sources */,
				7DF860F421BFF43100F1F47C /* GuidViewController.m in Sources */,
				7DF860E721BFE63C00F1F47C /* RootTabBarController.m in Sources */,
				7DECC5C721C14F5100013D0A /* UIImage+Extension.m in Sources */,
				7DA9472121BEA0530034067A /* AppDelegate.m in Sources */,
				7DF860EE21BFF40000F1F47C /* HomeViewController.m in Sources */,
			);
			runOnlyForDeploymentPostprocessing = 0;
		};
/* End PBXSourcesBuildPhase section */

/* Begin XCBuildConfiguration section */
		7DF905BA21B96CD60070BA44 /* Debug */ = {
			isa = XCBuildConfiguration;
			buildSettings = {
				ALWAYS_SEARCH_USER_PATHS = NO;
				CLANG_ANALYZER_NONNULL = YES;
				CLANG_ANALYZER_NUMBER_OBJECT_CONVERSION = YES_AGGRESSIVE;
				CLANG_CXX_LANGUAGE_STANDARD = "gnu++14";
				CLANG_CXX_LIBRARY = "libc++";
				CLANG_ENABLE_MODULES = YES;
				CLANG_ENABLE_OBJC_ARC = YES;
				CLANG_ENABLE_OBJC_WEAK = YES;
				CLANG_WARN_BLOCK_CAPTURE_AUTORELEASING = YES;
				CLANG_WARN_BOOL_CONVERSION = YES;
				CLANG_WARN_COMMA = YES;
				CLANG_WARN_CONSTANT_CONVERSION = YES;
				CLANG_WARN_DEPRECATED_OBJC_IMPLEMENTATIONS = YES;
				CLANG_WARN_DIRECT_OBJC_ISA_USAGE = YES_ERROR;
				CLANG_WARN_DOCUMENTATION_COMMENTS = YES;
				CLANG_WARN_EMPTY_BODY = YES;
				CLANG_WARN_ENUM_CONVERSION = YES;
				CLANG_WARN_INFINITE_RECURSION = YES;
				CLANG_WARN_INT_CONVERSION = YES;
				CLANG_WARN_NON_LITERAL_NULL_CONVERSION = YES;
				CLANG_WARN_OBJC_IMPLICIT_RETAIN_SELF = YES;
				CLANG_WARN_OBJC_LITERAL_CONVERSION = YES;
				CLANG_WARN_OBJC_ROOT_CLASS = YES_ERROR;
				CLANG_WARN_RANGE_LOOP_ANALYSIS = YES;
				CLANG_WARN_STRICT_PROTOTYPES = YES;
				CLANG_WARN_SUSPICIOUS_MOVE = YES;
				CLANG_WARN_UNGUARDED_AVAILABILITY = YES_AGGRESSIVE;
				CLANG_WARN_UNREACHABLE_CODE = YES;
				CLANG_WARN__DUPLICATE_METHOD_MATCH = YES;
				CODE_SIGN_IDENTITY = "iPhone Developer";
				COPY_PHASE_STRIP = NO;
				DEBUG_INFORMATION_FORMAT = dwarf;
				ENABLE_STRICT_OBJC_MSGSEND = YES;
				ENABLE_TESTABILITY = YES;
				GCC_C_LANGUAGE_STANDARD = gnu11;
				GCC_DYNAMIC_NO_PIC = NO;
				GCC_NO_COMMON_BLOCKS = YES;
				GCC_OPTIMIZATION_LEVEL = 0;
				GCC_PREPROCESSOR_DEFINITIONS = (
					"DEBUG=1",
					"$(inherited)",
				);
				GCC_WARN_64_TO_32_BIT_CONVERSION = YES;
				GCC_WARN_ABOUT_RETURN_TYPE = YES_ERROR;
				GCC_WARN_UNDECLARED_SELECTOR = YES;
				GCC_WARN_UNINITIALIZED_AUTOS = YES_AGGRESSIVE;
				GCC_WARN_UNUSED_FUNCTION = YES;
				GCC_WARN_UNUSED_VARIABLE = YES;
				IPHONEOS_DEPLOYMENT_TARGET = 12.1;
				MTL_ENABLE_DEBUG_INFO = INCLUDE_SOURCE;
				MTL_FAST_MATH = YES;
				ONLY_ACTIVE_ARCH = YES;
				SDKROOT = iphoneos;
				USER_HEADER_SEARCH_PATHS = "$(SRCROOT)/**";
			};
			name = Debug;
		};
		7DF905BB21B96CD60070BA44 /* Release */ = {
			isa = XCBuildConfiguration;
			buildSettings = {
				ALWAYS_SEARCH_USER_PATHS = NO;
				CLANG_ANALYZER_NONNULL = YES;
				CLANG_ANALYZER_NUMBER_OBJECT_CONVERSION = YES_AGGRESSIVE;
				CLANG_CXX_LANGUAGE_STANDARD = "gnu++14";
				CLANG_CXX_LIBRARY = "libc++";
				CLANG_ENABLE_MODULES = YES;
				CLANG_ENABLE_OBJC_ARC = YES;
				CLANG_ENABLE_OBJC_WEAK = YES;
				CLANG_WARN_BLOCK_CAPTURE_AUTORELEASING = YES;
				CLANG_WARN_BOOL_CONVERSION = YES;
				CLANG_WARN_COMMA = YES;
				CLANG_WARN_CONSTANT_CONVERSION = YES;
				CLANG_WARN_DEPRECATED_OBJC_IMPLEMENTATIONS = YES;
				CLANG_WARN_DIRECT_OBJC_ISA_USAGE = YES_ERROR;
				CLANG_WARN_DOCUMENTATION_COMMENTS = YES;
				CLANG_WARN_EMPTY_BODY = YES;
				CLANG_WARN_ENUM_CONVERSION = YES;
				CLANG_WARN_INFINITE_RECURSION = YES;
				CLANG_WARN_INT_CONVERSION = YES;
				CLANG_WARN_NON_LITERAL_NULL_CONVERSION = YES;
				CLANG_WARN_OBJC_IMPLICIT_RETAIN_SELF = YES;
				CLANG_WARN_OBJC_LITERAL_CONVERSION = YES;
				CLANG_WARN_OBJC_ROOT_CLASS = YES_ERROR;
				CLANG_WARN_RANGE_LOOP_ANALYSIS = YES;
				CLANG_WARN_STRICT_PROTOTYPES = YES;
				CLANG_WARN_SUSPICIOUS_MOVE = YES;
				CLANG_WARN_UNGUARDED_AVAILABILITY = YES_AGGRESSIVE;
				CLANG_WARN_UNREACHABLE_CODE = YES;
				CLANG_WARN__DUPLICATE_METHOD_MATCH = YES;
				CODE_SIGN_IDENTITY = "iPhone Developer";
				COPY_PHASE_STRIP = NO;
				DEBUG_INFORMATION_FORMAT = "dwarf-with-dsym";
				ENABLE_NS_ASSERTIONS = NO;
				ENABLE_STRICT_OBJC_MSGSEND = YES;
				GCC_C_LANGUAGE_STANDARD = gnu11;
				GCC_NO_COMMON_BLOCKS = YES;
				GCC_WARN_64_TO_32_BIT_CONVERSION = YES;
				GCC_WARN_ABOUT_RETURN_TYPE = YES_ERROR;
				GCC_WARN_UNDECLARED_SELECTOR = YES;
				GCC_WARN_UNINITIALIZED_AUTOS = YES_AGGRESSIVE;
				GCC_WARN_UNUSED_FUNCTION = YES;
				GCC_WARN_UNUSED_VARIABLE = YES;
				IPHONEOS_DEPLOYMENT_TARGET = 12.1;
				MTL_ENABLE_DEBUG_INFO = NO;
				MTL_FAST_MATH = YES;
				SDKROOT = iphoneos;
				USER_HEADER_SEARCH_PATHS = "$(SRCROOT)/**";
				VALIDATE_PRODUCT = YES;
			};
			name = Release;
		};
		7DF905BD21B96CD60070BA44 /* Debug */ = {
			isa = XCBuildConfiguration;
			buildSettings = {
				ASSETCATALOG_COMPILER_APPICON_NAME = AppIcon;
				ASSETCATALOG_COMPILER_LAUNCHIMAGE_NAME = LaunchImage;
				CODE_SIGN_STYLE = Automatic;
				DEVELOPMENT_TEAM = 58C92YS22U;
				INFOPLIST_FILE = "$(SRCROOT)/tuguan/Resources/Info.plist";
				LD_RUNPATH_SEARCH_PATHS = (
					"$(inherited)",
					"@executable_path/Frameworks",
				);
				PRODUCT_BUNDLE_IDENTIFIER = cn.fanstudio.tuguan;
				PRODUCT_NAME = "$(TARGET_NAME)";
				TARGETED_DEVICE_FAMILY = 1;
			};
			name = Debug;
		};
		7DF905BE21B96CD60070BA44 /* Release */ = {
			isa = XCBuildConfiguration;
			buildSettings = {
				ASSETCATALOG_COMPILER_APPICON_NAME = AppIcon;
				ASSETCATALOG_COMPILER_LAUNCHIMAGE_NAME = LaunchImage;
				CODE_SIGN_STYLE = Automatic;
				DEVELOPMENT_TEAM = 58C92YS22U;
				INFOPLIST_FILE = "$(SRCROOT)/tuguan/Resources/Info.plist";
				LD_RUNPATH_SEARCH_PATHS = (
					"$(inherited)",
					"@executable_path/Frameworks",
				);
				PRODUCT_BUNDLE_IDENTIFIER = cn.fanstudio.tuguan;
				PRODUCT_NAME = "$(TARGET_NAME)";
				TARGETED_DEVICE_FAMILY = 1;
			};
			name = Release;
		};
/* End XCBuildConfiguration section */

/* Begin XCConfigurationList section */
		7DF905A121B96CD50070BA44 /* Build configuration list for PBXProject "tuguan" */ = {
			isa = XCConfigurationList;
			buildConfigurations = (
				7DF905BA21B96CD60070BA44 /* Debug */,
				7DF905BB21B96CD60070BA44 /* Release */,
			);
			defaultConfigurationIsVisible = 0;
			defaultConfigurationName = Release;
		};
		7DF905BC21B96CD60070BA44 /* Build configuration list for PBXNativeTarget "tuguan" */ = {
			isa = XCConfigurationList;
			buildConfigurations = (
				7DF905BD21B96CD60070BA44 /* Debug */,
				7DF905BE21B96CD60070BA44 /* Release */,
			);
			defaultConfigurationIsVisible = 0;
			defaultConfigurationName = Release;
		};
/* End XCConfigurationList section */
	};
	rootObject = 7DF9059E21B96CD50070BA44 /* Project object */;
}
